
Microsoft Visual Studio Solution File, Format Version 12.00
# Visual Studio Version 17
VisualStudioVersion = 17.0.31903.59
MinimumVisualStudioVersion = 10.0.40219.1
Project("{2150E333-8FDC-42A3-9474-1A3956D46DE8}") = "OBBX", "OBBX", "{FCFD96B7-1D4F-71CD-E1A3-740195118CD5}"
EndProject
Project("{FAE04EC0-301F-11D3-BF4B-00C04F79EFBC}") = "OBBX", "OBBX\OBBX\OBBX.csproj", "{9DC4B280-705F-425F-9744-1BC05DF4DE3F}"
EndProject
Project("{FAE04EC0-301F-11D3-BF4B-00C04F79EFBC}") = "OBBX.Shared", "OBBX\OBBX.Shared\OBBX.Shared.csproj", "{34AA58D1-D3E4-4553-8915-C69DB3B3E5B5}"
EndProject
Project("{FAE04EC0-301F-11D3-BF4B-00C04F79EFBC}") = "OBBX.Web", "OBBX\OBBX.Web\OBBX.Web.csproj", "{4518A7C9-479A-4AB1-9EE4-E5F688107987}"
EndProject
Global
	GlobalSection(SolutionConfigurationPlatforms) = preSolution
		Debug|Any CPU = Debug|Any CPU
		Debug|x64 = Debug|x64
		Debug|x86 = Debug|x86
		Release|Any CPU = Release|Any CPU
		Release|x64 = Release|x64
		Release|x86 = Release|x86
	EndGlobalSection
	GlobalSection(ProjectConfigurationPlatforms) = postSolution
		{9DC4B280-705F-425F-9744-1BC05DF4DE3F}.Debug|Any CPU.ActiveCfg = Debug|Any CPU
		{9DC4B280-705F-425F-9744-1BC05DF4DE3F}.Debug|Any CPU.Build.0 = Debug|Any CPU
		{9DC4B280-705F-425F-9744-1BC05DF4DE3F}.Debug|x64.ActiveCfg = Debug|Any CPU
		{9DC4B280-705F-425F-9744-1BC05DF4DE3F}.Debug|x64.Build.0 = Debug|Any CPU
		{9DC4B280-705F-425F-9744-1BC05DF4DE3F}.Debug|x86.ActiveCfg = Debug|Any CPU
		{9DC4B280-705F-425F-9744-1BC05DF4DE3F}.Debug|x86.Build.0 = Debug|Any CPU
		{9DC4B280-705F-425F-9744-1BC05DF4DE3F}.Release|Any CPU.ActiveCfg = Release|Any CPU
		{9DC4B280-705F-425F-9744-1BC05DF4DE3F}.Release|Any CPU.Build.0 = Release|Any CPU
		{9DC4B280-705F-425F-9744-1BC05DF4DE3F}.Release|x64.ActiveCfg = Release|Any CPU
		{9DC4B280-705F-425F-9744-1BC05DF4DE3F}.Release|x64.Build.0 = Release|Any CPU
		{9DC4B280-705F-425F-9744-1BC05DF4DE3F}.Release|x86.ActiveCfg = Release|Any CPU
		{9DC4B280-705F-425F-9744-1BC05DF4DE3F}.Release|x86.Build.0 = Release|Any CPU
		{34AA58D1-D3E4-4553-8915-C69DB3B3E5B5}.Debug|Any CPU.ActiveCfg = Debug|Any CPU
		{34AA58D1-D3E4-4553-8915-C69DB3B3E5B5}.Debug|Any CPU.Build.0 = Debug|Any CPU
		{34AA58D1-D3E4-4553-8915-C69DB3B3E5B5}.Debug|x64.ActiveCfg = Debug|Any CPU
		{34AA58D1-D3E4-4553-8915-C69DB3B3E5B5}.Debug|x64.Build.0 = Debug|Any CPU
		{34AA58D1-D3E4-4553-8915-C69DB3B3E5B5}.Debug|x86.ActiveCfg = Debug|Any CPU
		{34AA58D1-D3E4-4553-8915-C69DB3B3E5B5}.Debug|x86.Build.0 = Debug|Any CPU
		{34AA58D1-D3E4-4553-8915-C69DB3B3E5B5}.Release|Any CPU.ActiveCfg = Release|Any CPU
		{34AA58D1-D3E4-4553-8915-C69DB3B3E5B5}.Release|Any CPU.Build.0 = Release|Any CPU
		{34AA58D1-D3E4-4553-8915-C69DB3B3E5B5}.Release|x64.ActiveCfg = Release|Any CPU
		{34AA58D1-D3E4-4553-8915-C69DB3B3E5B5}.Release|x64.Build.0 = Release|Any CPU
		{34AA58D1-D3E4-4553-8915-C69DB3B3E5B5}.Release|x86.ActiveCfg = Release|Any CPU
		{34AA58D1-D3E4-4553-8915-C69DB3B3E5B5}.Release|x86.Build.0 = Release|Any CPU
		{4518A7C9-479A-4AB1-9EE4-E5F688107987}.Debug|Any CPU.ActiveCfg = Debug|Any CPU
		{4518A7C9-479A-4AB1-9EE4-E5F688107987}.Debug|Any CPU.Build.0 = Debug|Any CPU
		{4518A7C9-479A-4AB1-9EE4-E5F688107987}.Debug|x64.ActiveCfg = Debug|Any CPU
		{4518A7C9-479A-4AB1-9EE4-E5F688107987}.Debug|x64.Build.0 = Debug|Any CPU
		{4518A7C9-479A-4AB1-9EE4-E5F688107987}.Debug|x86.ActiveCfg = Debug|Any CPU
		{4518A7C9-479A-4AB1-9EE4-E5F688107987}.Debug|x86.Build.0 = Debug|Any CPU
		{4518A7C9-479A-4AB1-9EE4-E5F688107987}.Release|Any CPU.ActiveCfg = Release|Any CPU
		{4518A7C9-479A-4AB1-9EE4-E5F688107987}.Release|Any CPU.Build.0 = Release|Any CPU
		{4518A7C9-479A-4AB1-9EE4-E5F688107987}.Release|x64.ActiveCfg = Release|Any CPU
		{4518A7C9-479A-4AB1-9EE4-E5F688107987}.Release|x64.Build.0 = Release|Any CPU
		{4518A7C9-479A-4AB1-9EE4-E5F688107987}.Release|x86.ActiveCfg = Release|Any CPU
		{4518A7C9-479A-4AB1-9EE4-E5F688107987}.Release|x86.Build.0 = Release|Any CPU
	EndGlobalSection
	GlobalSection(SolutionProperties) = preSolution
		HideSolutionNode = FALSE
	EndGlobalSection
	GlobalSection(NestedProjects) = preSolution
		{9DC4B280-705F-425F-9744-1BC05DF4DE3F} = {FCFD96B7-1D4F-71CD-E1A3-740195118CD5}
		{34AA58D1-D3E4-4553-8915-C69DB3B3E5B5} = {FCFD96B7-1D4F-71CD-E1A3-740195118CD5}
		{4518A7C9-479A-4AB1-9EE4-E5F688107987} = {FCFD96B7-1D4F-71CD-E1A3-740195118CD5}
	EndGlobalSection
EndGlobal
